
Microsoft Visual Studio Solution File, Format Version 12.00
# Visual Studio Version 17
VisualStudioVersion = 17.7.34031.279
MinimumVisualStudioVersion = 10.0.40219.1
Project("{FAE04EC0-301F-11D3-BF4B-00C04F79EFBC}") = "winform-charts-visitor", "winform-charts-visitor.csproj", "{4C5243C9-C8C7-43D0-B1C9-7EC2F4730CB1}"
EndProject
Global
	GlobalSection(SolutionConfigurationPlatforms) = preSolution
		Debug|Any CPU = Debug|Any CPU
		Release|Any CPU = Release|Any CPU
	EndGlobalSection
	GlobalSection(ProjectConfigurationPlatforms) = postSolution
		{4C5243C9-C8C7-43D0-B1C9-7EC2F4730CB1}.Debug|Any CPU.ActiveCfg = Debug|Any CPU
		{4C5243C9-C8C7-43D0-B1C9-7EC2F4730CB1}.Debug|Any CPU.Build.0 = Debug|Any CPU
		{4C5243C9-C8C7-43D0-B1C9-7EC2F4730CB1}.Release|Any CPU.ActiveCfg = Release|Any CPU
		{4C5243C9-C8C7-43D0-B1C9-7EC2F4730CB1}.Release|Any CPU.Build.0 = Release|Any CPU
	EndGlobalSection
	GlobalSection(SolutionProperties) = preSolution
		HideSolutionNode = FALSE
	EndGlobalSection
	GlobalSection(ExtensibilityGlobals) = postSolution
		SolutionGuid = {4DBA7334-4867-473B-BFB9-7F7EE73F09FA}
	EndGlobalSection
EndGlobal
